
Microsoft Visual Studio Solution File, Format Version 12.00
# Visual Studio Version 17
VisualStudioVersion = 17.9.34607.119
MinimumVisualStudioVersion = 10.0.40219.1
Project("{9A19103F-16F7-4668-BE54-9A1E7A4F7556}") = "FormAPI", "FormAPI\FormAPI.csproj", "{A257290B-5E32-4A6A-95CA-D5031928A1BC}"
EndProject
Project("{9A19103F-16F7-4668-BE54-9A1E7A4F7556}") = "Form.Tests", "Form.Tests\Form.Tests.csproj", "{66CED3BC-35A0-4CB1-B205-38FE2B4DC78E}"
EndProject
Global
	GlobalSection(SolutionConfigurationPlatforms) = preSolution
		Debug|Any CPU = Debug|Any CPU
		Release|Any CPU = Release|Any CPU
	EndGlobalSection
	GlobalSection(ProjectConfigurationPlatforms) = postSolution
		{A257290B-5E32-4A6A-95CA-D5031928A1BC}.Debug|Any CPU.ActiveCfg = Debug|Any CPU
		{A257290B-5E32-4A6A-95CA-D5031928A1BC}.Debug|Any CPU.Build.0 = Debug|Any CPU
		{A257290B-5E32-4A6A-95CA-D5031928A1BC}.Release|Any CPU.ActiveCfg = Release|Any CPU
		{A257290B-5E32-4A6A-95CA-D5031928A1BC}.Release|Any CPU.Build.0 = Release|Any CPU
		{66CED3BC-35A0-4CB1-B205-38FE2B4DC78E}.Debug|Any CPU.ActiveCfg = Debug|Any CPU
		{66CED3BC-35A0-4CB1-B205-38FE2B4DC78E}.Debug|Any CPU.Build.0 = Debug|Any CPU
		{66CED3BC-35A0-4CB1-B205-38FE2B4DC78E}.Release|Any CPU.ActiveCfg = Release|Any CPU
		{66CED3BC-35A0-4CB1-B205-38FE2B4DC78E}.Release|Any CPU.Build.0 = Release|Any CPU
	EndGlobalSection
	GlobalSection(SolutionProperties) = preSolution
		HideSolutionNode = FALSE
	EndGlobalSection
	GlobalSection(ExtensibilityGlobals) = postSolution
		SolutionGuid = {1302F8B5-0082-44F9-878F-EBC5A2C5F555}
	EndGlobalSection
EndGlobal
